// !$*UTF8*$!
{
	archiveVersion = 1;
	classes = {
	};
	objectVersion = 48;
	objects = {

/* Begin PBXBuildFile section */
		FD0D3ACB20D24B5D00EC4B7B /* AppDelegate.swift in Sources */ = {isa = PBXBuildFile; fileRef = FD0D3ACA20D24B5D00EC4B7B /* AppDelegate.swift */; };
		FD0D3ACD20D24B5D00EC4B7B /* ViewController.swift in Sources */ = {isa = PBXBuildFile; fileRef = FD0D3ACC20D24B5D00EC4B7B /* ViewController.swift */; };
		FD0D3AD020D24B5D00EC4B7B /* Main.storyboard in Resources */ = {isa = PBXBuildFile; fileRef = FD0D3ACE20D24B5D00EC4B7B /* Main.storyboard */; };
		FD0D3AD220D24B5D00EC4B7B /* Assets.xcassets in Resources */ = {isa = PBXBuildFile; fileRef = FD0D3AD120D24B5D00EC4B7B /* Assets.xcassets */; };
		FD0D3AD520D24B5D00EC4B7B /* LaunchScreen.storyboard in Resources */ = {isa = PBXBuildFile; fileRef = FD0D3AD320D24B5D00EC4B7B /* LaunchScreen.storyboard */; };
/* End PBXBuildFile section */

/* Begin PBXFileReference section */
		FD0D3AC720D24B5D00EC4B7B /* dicePrac.app */ = {isa = PBXFileReference; explicitFileType = wrapper.application; includeInIndex = 0; path = dicePrac.app; sourceTree = BUILT_PRODUCTS_DIR; };
		FD0D3ACA20D24B5D00EC4B7B /* AppDelegate.swift */ = {isa = PBXFileReference; lastKnownFileType = sourcecode.swift; path = AppDelegate.swift; sourceTree = "<group>"; };
		FD0D3ACC20D24B5D00EC4B7B /* ViewController.swift */ = {isa = PBXFileReference; lastKnownFileType = sourcecode.swift; path = ViewController.swift; sourceTree = "<group>"; };
		FD0D3ACF20D24B5D00EC4B7B /* Base */ = {isa = PBXFileReference; lastKnownFileType = file.storyboard; name = Base; path = Base.lproj/Main.storyboard; sourceTree = "<group>"; };
		FD0D3AD120D24B5D00EC4B7B /* Assets.xcassets */ = {isa = PBXFileReference; lastKnownFileType = folder.assetcatalog; path = Assets.xcassets; sourceTree = "<group>"; };
		FD0D3AD420D24B5D00EC4B7B /* Base */ = {isa = PBXFileReference; lastKnownFileType = file.storyboard; name = Base; path = Base.lproj/LaunchScreen.storyboard; sourceTree = "<group>"; };
		FD0D3AD620D24B5D00EC4B7B /* Info.plist */ = {isa = PBXFileReference; lastKnownFileType = text.plist.xml; path = Info.plist; sourceTree = "<group>"; };
/* End PBXFileReference section */

/* Begin PBXFrameworksBuildPhase section */
		FD0D3AC420D24B5D00EC4B7B /* Frameworks */ = {
			isa = PBXFrameworksBuildPhase;
			buildActionMask = 2147483647;
			files = (
			);
			runOnlyForDeploymentPostprocessing = 0;
		};
/* End PBXFrameworksBuildPhase section */

/* Begin PBXGroup section */
		FD0D3ABE20D24B5D00EC4B7B = {
			isa = PBXGroup;
			children = (
				FD0D3AC920D24B5D00EC4B7B /* dicePrac */,
				FD0D3AC820D24B5D00EC4B7B /* Products */,
			);
			sourceTree = "<group>";
		};
		FD0D3AC820D24B5D00EC4B7B /* Products */ = {
			isa = PBXGroup;
			children = (
				FD0D3AC720D24B5D00EC4B7B /* dicePrac.app */,
			);
			name = Products;
			sourceTree = "<group>";
		};
		FD0D3AC920D24B5D00EC4B7B /* dicePrac */ = {
			isa = PBXGroup;
			children = (
				FD0D3ACA20D24B5D00EC4B7B /* AppDelegate.swift */,
				FD0D3ACC20D24B5D00EC4B7B /* ViewController.swift */,
				FD0D3ACE20D24B5D00EC4B7B /* Main.storyboard */,
				FD0D3AD120D24B5D00EC4B7B /* Assets.xcassets */,
				FD0D3AD320D24B5D00EC4B7B /* LaunchScreen.storyboard */,
				FD0D3AD620D24B5D00EC4B7B /* Info.plist */,
			);
			path = dicePrac;
			sourceTree = "<group>";
		};
/* End PBXGroup section */

/* Begin PBXNativeTarget section */
		FD0D3AC620D24B5D00EC4B7B /* dicePrac */ = {
			isa = PBXNativeTarget;
			buildConfigurationList = FD0D3AD920D24B5D00EC4B7B /* Build configuration list for PBXNativeTarget "dicePrac" */;
			buildPhases = (
				FD0D3AC320D24B5D00EC4B7B /* Sources */,
				FD0D3AC420D24B5D00EC4B7B /* Frameworks */,
				FD0D3AC520D24B5D00EC4B7B /* Resources */,
			);
			buildRules = (
			);
			dependencies = (
			);
			name = dicePrac;
			productName = dicePrac;
			productReference = FD0D3AC720D24B5D00EC4B7B /* dicePrac.app */;
			productType = "com.apple.product-type.application";
		};
/* End PBXNativeTarget section */

/* Begin PBXProject section */
		FD0D3ABF20D24B5D00EC4B7B /* Project object */ = {
			isa = PBXProject;
			attributes = {
				LastSwiftUpdateCheck = 0900;
				LastUpgradeCheck = 0900;
				ORGANIZATIONNAME = LearningSystems;
				TargetAttributes = {
					FD0D3AC620D24B5D00EC4B7B = {
						CreatedOnToolsVersion = 9.0;
						ProvisioningStyle = Automatic;
					};
				};
			};
			buildConfigurationList = FD0D3AC220D24B5D00EC4B7B /* Build configuration list for PBXProject "dicePrac" */;
			compatibilityVersion = "Xcode 8.0";
			developmentRegion = en;
			hasScannedForEncodings = 0;
			knownRegions = (
				en,
				Base,
			);
			mainGroup = FD0D3ABE20D24B5D00EC4B7B;
			productRefGroup = FD0D3AC820D24B5D00EC4B7B /* Products */;
			projectDirPath = "";
			projectRoot = "";
			targets = (
				FD0D3AC620D24B5D00EC4B7B /* dicePrac */,
			);
		};
/* End PBXProject section */

/* Begin PBXResourcesBuildPhase section */
		FD0D3AC520D24B5D00EC4B7B /* Resources */ = {
			isa = PBXResourcesBuildPhase;
			buildActionMask = 2147483647;
			files = (
				FD0D3AD520D24B5D00EC4B7B /* LaunchScreen.storyboard in Resources */,
				FD0D3AD220D24B5D00EC4B7B /* Assets.xcassets in Resources */,
				FD0D3AD020D24B5D00EC4B7B /* Main.storyboard in Resources */,
			);
			runOnlyForDeploymentPostprocessing = 0;
		};
/* End PBXResourcesBuildPhase section */

/* Begin PBXSourcesBuildPhase section */
		FD0D3AC320D24B5D00EC4B7B /* Sources */ = {
			isa = PBXSourcesBuildPhase;
			buildActionMask = 2147483647;
			files = (
				FD0D3ACD20D24B5D00EC4B7B /* ViewController.swift in Sources */,
				FD0D3ACB20D24B5D00EC4B7B /* AppDelegate.swift in Sources */,
			);
			runOnlyForDeploymentPostprocessing = 0;
		};
/* End PBXSourcesBuildPhase section */

/* Begin PBXVariantGroup section */
		FD0D3ACE20D24B5D00EC4B7B /* Main.storyboard */ = {
			isa = PBXVariantGroup;
			children = (
				FD0D3ACF20D24B5D00EC4B7B /* Base */,
			);
			name = Main.storyboard;
			sourceTree = "<group>";
		};
		FD0D3AD320D24B5D00EC4B7B /* LaunchScreen.storyboard */ = {
			isa = PBXVariantGroup;
			children = (
				FD0D3AD420D24B5D00EC4B7B /* Base */,
			);
			name = LaunchScreen.storyboard;
			sourceTree = "<group>";
		};
/* End PBXVariantGroup section */

/* Begin XCBuildConfiguration section */
		FD0D3AD720D24B5D00EC4B7B /* Debug */ = {
			isa = XCBuildConfiguration;
			buildSettings = {
				ALWAYS_SEARCH_USER_PATHS = NO;
				CLANG_ANALYZER_NONNULL = YES;
				CLANG_ANALYZER_NUMBER_OBJECT_CONVERSION = YES_AGGRESSIVE;
				CLANG_CXX_LANGUAGE_STANDARD = "gnu++14";
				CLANG_CXX_LIBRARY = "libc++";
				CLANG_ENABLE_MODULES = YES;
				CLANG_ENABLE_OBJC_ARC = YES;
				CLANG_WARN_BLOCK_CAPTURE_AUTORELEASING = YES;
				CLANG_WARN_BOOL_CONVERSION = YES;
				CLANG_WARN_COMMA = YES;
				CLANG_WARN_CONSTANT_CONVERSION = YES;
				CLANG_WARN_DIRECT_OBJC_ISA_USAGE = YES_ERROR;
				CLANG_WARN_DOCUMENTATION_COMMENTS = YES;
				CLANG_WARN_EMPTY_BODY = YES;
				CLANG_WARN_ENUM_CONVERSION = YES;
				CLANG_WARN_INFINITE_RECURSION = YES;
				CLANG_WARN_INT_CONVERSION = YES;
				CLANG_WARN_NON_LITERAL_NULL_CONVERSION = YES;
				CLANG_WARN_OBJC_LITERAL_CONVERSION = YES;
				CLANG_WARN_OBJC_ROOT_CLASS = YES_ERROR;
				CLANG_WARN_RANGE_LOOP_ANALYSIS = YES;
				CLANG_WARN_STRICT_PROTOTYPES = YES;
				CLANG_WARN_SUSPICIOUS_MOVE = YES;
				CLANG_WARN_UNGUARDED_AVAILABILITY = YES_AGGRESSIVE;
				CLANG_WARN_UNREACHABLE_CODE = YES;
				CLANG_WARN__DUPLICATE_METHOD_MATCH = YES;
				CODE_SIGN_IDENTITY = "iPhone Developer";
				COPY_PHASE_STRIP = NO;
				DEBUG_INFORMATION_FORMAT = dwarf;
				ENABLE_STRICT_OBJC_MSGSEND = YES;
				ENABLE_TESTABILITY = YES;
				GCC_C_LANGUAGE_STANDARD = gnu11;
				GCC_DYNAMIC_NO_PIC = NO;
				GCC_NO_COMMON_BLOCKS = YES;
				GCC_OPTIMIZATION_LEVEL = 0;
				GCC_PREPROCESSOR_DEFINITIONS = (
					"DEBUG=1",
					"$(inherited)",
				);
				GCC_WARN_64_TO_32_BIT_CONVERSION = YES;
				GCC_WARN_ABOUT_RETURN_TYPE = YES_ERROR;
				GCC_WARN_UNDECLARED_SELECTOR = YES;
				GCC_WARN_UNINITIALIZED_AUTOS = YES_AGGRESSIVE;
				GCC_WARN_UNUSED_FUNCTION = YES;
				GCC_WARN_UNUSED_VARIABLE = YES;
				IPHONEOS_DEPLOYMENT_TARGET = 11.0;
				MTL_ENABLE_DEBUG_INFO = YES;
				ONLY_ACTIVE_ARCH = YES;
				SDKROOT = iphoneos;
				SWIFT_ACTIVE_COMPILATION_CONDITIONS = DEBUG;
				SWIFT_OPTIMIZATION_LEVEL = "-Onone";
			};
			name = Debug;
		};
		FD0D3AD820D24B5D00EC4B7B /* Release */ = {
			isa = XCBuildConfiguration;
			buildSettings = {
				ALWAYS_SEARCH_USER_PATHS = NO;
				CLANG_ANALYZER_NONNULL = YES;
				CLANG_ANALYZER_NUMBER_OBJECT_CONVERSION = YES_AGGRESSIVE;
				CLANG_CXX_LANGUAGE_STANDARD = "gnu++14";
				CLANG_CXX_LIBRARY = "libc++";
				CLANG_ENABLE_MODULES = YES;
				CLANG_ENABLE_OBJC_ARC = YES;
				CLANG_WARN_BLOCK_CAPTURE_AUTORELEASING = YES;
				CLANG_WARN_BOOL_CONVERSION = YES;
				CLANG_WARN_COMMA = YES;
				CLANG_WARN_CONSTANT_CONVERSION = YES;
				CLANG_WARN_DIRECT_OBJC_ISA_USAGE = YES_ERROR;
				CLANG_WARN_DOCUMENTATION_COMMENTS = YES;
				CLANG_WARN_EMPTY_BODY = YES;
				CLANG_WARN_ENUM_CONVERSION = YES;
				CLANG_WARN_INFINITE_RECURSION = YES;
				CLANG_WARN_INT_CONVERSION = YES;
				CLANG_WARN_NON_LITERAL_NULL_CONVERSION = YES;
				CLANG_WARN_OBJC_LITERAL_CONVERSION = YES;
				CLANG_WARN_OBJC_ROOT_CLASS = YES_ERROR;
				CLANG_WARN_RANGE_LOOP_ANALYSIS = YES;
				CLANG_WARN_STRICT_PROTOTYPES = YES;
				CLANG_WARN_SUSPICIOUS_MOVE = YES;
				CLANG_WARN_UNGUARDED_AVAILABILITY = YES_AGGRESSIVE;
				CLANG_WARN_UNREACHABLE_CODE = YES;
				CLANG_WARN__DUPLICATE_METHOD_MATCH = YES;
				CODE_SIGN_IDENTITY = "iPhone Developer";
				COPY_PHASE_STRIP = NO;
				DEBUG_INFORMATION_FORMAT = "dwarf-with-dsym";
				ENABLE_NS_ASSERTIONS = NO;
				ENABLE_STRICT_OBJC_MSGSEND = YES;
				GCC_C_LANGUAGE_STANDARD = gnu11;
				GCC_NO_COMMON_BLOCKS = YES;
				GCC_WARN_64_TO_32_BIT_CONVERSION = YES;
				GCC_WARN_ABOUT_RETURN_TYPE = YES_ERROR;
				GCC_WARN_UNDECLARED_SELECTOR = YES;
				GCC_WARN_UNINITIALIZED_AUTOS = YES_AGGRESSIVE;
				GCC_WARN_UNUSED_FUNCTION = YES;
				GCC_WARN_UNUSED_VARIABLE = YES;
				IPHONEOS_DEPLOYMENT_TARGET = 11.0;
				MTL_ENABLE_DEBUG_INFO = NO;
				SDKROOT = iphoneos;
				SWIFT_OPTIMIZATION_LEVEL = "-Owholemodule";
				VALIDATE_PRODUCT = YES;
			};
			name = Release;
		};
		FD0D3ADA20D24B5D00EC4B7B /* Debug */ = {
			isa = XCBuildConfiguration;
			buildSettings = {
				ASSETCATALOG_COMPILER_APPICON_NAME = AppIcon;
				CODE_SIGN_STYLE = Automatic;
				DEVELOPMENT_TEAM = J2KD2U4XHY;
				INFOPLIST_FILE = dicePrac/Info.plist;
				IPHONEOS_DEPLOYMENT_TARGET = 10.3;
				LD_RUNPATH_SEARCH_PATHS = "$(inherited) @executable_path/Frameworks";
				PRODUCT_BUNDLE_IDENTIFIER = app.puretech.dicePrac;
				PRODUCT_NAME = "$(TARGET_NAME)";
				SWIFT_VERSION = 4.0;
				TARGETED_DEVICE_FAMILY = 1;
			};
			name = Debug;
		};
		FD0D3ADB20D24B5D00EC4B7B /* Release */ = {
			isa = XCBuildConfiguration;
			buildSettings = {
				ASSETCATALOG_COMPILER_APPICON_NAME = AppIcon;
				CODE_SIGN_STYLE = Automatic;
				DEVELOPMENT_TEAM = J2KD2U4XHY;
				INFOPLIST_FILE = dicePrac/Info.plist;
				IPHONEOS_DEPLOYMENT_TARGET = 10.3;
				LD_RUNPATH_SEARCH_PATHS = "$(inherited) @executable_path/Frameworks";
				PRODUCT_BUNDLE_IDENTIFIER = app.puretech.dicePrac;
				PRODUCT_NAME = "$(TARGET_NAME)";
				SWIFT_VERSION = 4.0;
				TARGETED_DEVICE_FAMILY = 1;
			};
			name = Release;
		};
/* End XCBuildConfiguration section */

/* Begin XCConfigurationList section */
		FD0D3AC220D24B5D00EC4B7B /* Build configuration list for PBXProject "dicePrac" */ = {
			isa = XCConfigurationList;
			buildConfigurations = (
				FD0D3AD720D24B5D00EC4B7B /* Debug */,
				FD0D3AD820D24B5D00EC4B7B /* Release */,
			);
			defaultConfigurationIsVisible = 0;
			defaultConfigurationName = Release;
		};
		FD0D3AD920D24B5D00EC4B7B /* Build configuration list for PBXNativeTarget "dicePrac" */ = {
			isa = XCConfigurationList;
			buildConfigurations = (
				FD0D3ADA20D24B5D00EC4B7B /* Debug */,
				FD0D3ADB20D24B5D00EC4B7B /* Release */,
			);
			defaultConfigurationIsVisible = 0;
			defaultConfigurationName = Release;
		};
/* End XCConfigurationList section */
	};
	rootObject = FD0D3ABF20D24B5D00EC4B7B /* Project object */;
}
